# This file is automatically @generated by Cargo.
# It is not intended for manual editing.
version = 3

[[package]]
name = "panel-commander-asus"
version = "0.1.0"
dependencies = [
 "panel-commander-core",
]

[[package]]
name = "panel-commander-core"
version = "0.1.0"

[[package]]
name = "panel-commander-linux"
version = "0.1.0"
dependencies = [
 "panel-commander-core",
]

[[package]]
name = "panel-commander-macos"
version = "0.1.0"
dependencies = [
 "panel-commander-core",
]

[[package]]
name = "panel-commanderd"
version = "0.1.0"
dependencies = [
 "panel-commander-asus",
 "panel-commander-core",
 "panel-commander-linux",
]

[[package]]
name = "panelctl"
version = "0.1.0"
dependencies = [
 "panel-commander-asus",
 "panel-commander-core",
 "panel-commander-linux",
]
